<?xml version="1.0" encoding="utf-8"?>
<Project ToolsVersion="4.0" xmlns="http://schemas.microsoft.com/developer/msbuild/2003">
  <ItemGroup>
    <ClCompile Include="..\..\..\src\terrain\Terrain.cpp" />
    <ClCompile Include="..\..\..\src\terrain\TerrainColourJSON.cpp" />
    <ClCompile Include="..\..\..\src\terrain\TerrainHeightJSON.cpp" />
    <ClCompile Include="..\..\..\src\terrain\TerrainNode.cpp" />
  </ItemGroup>
  <ItemGroup>
    <ClInclude Include="..\..\..\src\terrain\Terrain.h" />
    <ClInclude Include="..\..\..\src\terrain\TerrainNoise.h" />
    <ClInclude Include="..\..\..\src\terrain\TerrainNode.h" />
  </ItemGroup>
</Project>